# THIS IS AN AUTOGENERATED FILE. DO NOT EDIT THIS FILE DIRECTLY.
# yarn lockfile v1


font-awesome@^4.7.0:
  version "4.7.0"
  resolved "https://registry.yarnpkg.com/font-awesome/-/font-awesome-4.7.0.tgz#8fa8cf0411a1a31afd07b06d2902bb9fc815a133"
  integrity sha1-j6jPBBGhoxr9B7BtKQK7n8gVoTM=

purecss@^2.0.6:
  version "2.0.6"
  resolved "https://registry.yarnpkg.com/purecss/-/purecss-2.0.6.tgz#01508f04da6f47752b593ae34616fdec102dfc75"
  integrity sha512-R5V/Yk/j8/v5ivlg0MvQKQmo7F1BnWupK0wiMrKDyz2BofLB5BFKfZtSqu90YwHYBH4uzLtebmnDltY3ElcyLw==
