# THIS IS AN AUTOGENERATED FILE. DO NOT EDIT THIS FILE DIRECTLY.
# yarn lockfile v1


font-awesome@^4.7.0:
  version "4.7.0"
  resolved "https://registry.yarnpkg.com/font-awesome/-/font-awesome-4.7.0.tgz#8fa8cf0411a1a31afd07b06d2902bb9fc815a133"
  integrity sha512-U6kGnykA/6bFmg1M/oT9EkFeIYv7JlX3bozwQJWiiLz6L0w3F5vBVPxHlwyX/vtNq1ckcpRKOB9f2Qal/VtFpg==

purecss@^2.2.0:
  version "2.2.0"
  resolved "https://registry.yarnpkg.com/purecss/-/purecss-2.2.0.tgz#71249802e1babd562b236cf5d0b75b16f158a421"
  integrity sha512-jEPrAALLgE+InDARWdPDt0AkZ1Bi0yXxHj4BOwWImq06sGIDe5CagPyS6Z9WGyEgMuZonrrhinInJ80nAHTIUA==
